
Microsoft Visual Studio Solution File, Format Version 12.00
# Visual Studio 2013
VisualStudioVersion = 12.0.31101.0
MinimumVisualStudioVersion = 10.0.40219.1
Project("{FAE04EC0-301F-11D3-BF4B-00C04F79EFBC}") = "CloudFoundry.Build.Tasks", "CloudFoundry.Build.Tasks\CloudFoundry.Build.Tasks.csproj", "{C53D0A90-12ED-470D-AB2F-E440DC02E509}"
EndProject
Global
	GlobalSection(SolutionConfigurationPlatforms) = preSolution
		Debug|Any CPU = Debug|Any CPU
		Debug|x86 = Debug|x86
		Release|Any CPU = Release|Any CPU
		Release|x86 = Release|x86
	EndGlobalSection
	GlobalSection(ProjectConfigurationPlatforms) = postSolution
		{C53D0A90-12ED-470D-AB2F-E440DC02E509}.Debug|Any CPU.ActiveCfg = Debug|Any CPU
		{C53D0A90-12ED-470D-AB2F-E440DC02E509}.Debug|Any CPU.Build.0 = Debug|Any CPU
		{C53D0A90-12ED-470D-AB2F-E440DC02E509}.Debug|x86.ActiveCfg = Debug|Any CPU
		{C53D0A90-12ED-470D-AB2F-E440DC02E509}.Debug|x86.Build.0 = Debug|Any CPU
		{C53D0A90-12ED-470D-AB2F-E440DC02E509}.Release|Any CPU.ActiveCfg = Release|Any CPU
		{C53D0A90-12ED-470D-AB2F-E440DC02E509}.Release|Any CPU.Build.0 = Release|Any CPU
		{C53D0A90-12ED-470D-AB2F-E440DC02E509}.Release|x86.ActiveCfg = Release|Any CPU
	EndGlobalSection
	GlobalSection(SolutionProperties) = preSolution
		HideSolutionNode = FALSE
	EndGlobalSection
EndGlobal
